
Microsoft Visual Studio Solution File, Format Version 12.00
# Visual Studio Version 17
VisualStudioVersion = 17.5.002.0
MinimumVisualStudioVersion = 10.0.40219.1
Project("{9A19103F-16F7-4668-BE54-9A1E7A4F7556}") = "PipeGameBlazor", "PipeGameBlazor.csproj", "{C99892AC-664A-4E11-B668-1DF30BA5DD20}"
EndProject
Global
	GlobalSection(SolutionConfigurationPlatforms) = preSolution
		Debug|Any CPU = Debug|Any CPU
		Release|Any CPU = Release|Any CPU
	EndGlobalSection
	GlobalSection(ProjectConfigurationPlatforms) = postSolution
		{C99892AC-664A-4E11-B668-1DF30BA5DD20}.Debug|Any CPU.ActiveCfg = Debug|Any CPU
		{C99892AC-664A-4E11-B668-1DF30BA5DD20}.Debug|Any CPU.Build.0 = Debug|Any CPU
		{C99892AC-664A-4E11-B668-1DF30BA5DD20}.Release|Any CPU.ActiveCfg = Release|Any CPU
		{C99892AC-664A-4E11-B668-1DF30BA5DD20}.Release|Any CPU.Build.0 = Release|Any CPU
	EndGlobalSection
	GlobalSection(SolutionProperties) = preSolution
		HideSolutionNode = FALSE
	EndGlobalSection
	GlobalSection(ExtensibilityGlobals) = postSolution
		SolutionGuid = {A11ECBEB-9CC8-4618-9F52-DDC832BD4087}
	EndGlobalSection
EndGlobal
